
Microsoft Visual Studio Solution File, Format Version 12.00
# Visual Studio Version 16
VisualStudioVersion = 16.0.29709.97
MinimumVisualStudioVersion = 10.0.40219.1
Project("{9A19103F-16F7-4668-BE54-9A1E7A4F7556}") = "DatingApp.API", "DatingApp.API.csproj", "{16330AA4-4441-4D70-9ACF-A8F05D80B286}"
EndProject
Global
	GlobalSection(SolutionConfigurationPlatforms) = preSolution
		Debug|Any CPU = Debug|Any CPU
		Release|Any CPU = Release|Any CPU
	EndGlobalSection
	GlobalSection(ProjectConfigurationPlatforms) = postSolution
		{16330AA4-4441-4D70-9ACF-A8F05D80B286}.Debug|Any CPU.ActiveCfg = Debug|Any CPU
		{16330AA4-4441-4D70-9ACF-A8F05D80B286}.Debug|Any CPU.Build.0 = Debug|Any CPU
		{16330AA4-4441-4D70-9ACF-A8F05D80B286}.Release|Any CPU.ActiveCfg = Release|Any CPU
		{16330AA4-4441-4D70-9ACF-A8F05D80B286}.Release|Any CPU.Build.0 = Release|Any CPU
	EndGlobalSection
	GlobalSection(SolutionProperties) = preSolution
		HideSolutionNode = FALSE
	EndGlobalSection
	GlobalSection(ExtensibilityGlobals) = postSolution
		SolutionGuid = {9A3920EE-5655-4906-A02D-99A5FFA743AF}
	EndGlobalSection
EndGlobal
